// !$*UTF8*$!
{
	archiveVersion = 1;
	classes = {
	};
	objectVersion = 46;
	objects = {

/* Begin PBXBuildFile section */
		0A69956B1D1CC5190070162F /* main.m in Sources */ = {isa = PBXBuildFile; fileRef = 0A69956A1D1CC5190070162F /* main.m */; };
		0A69956E1D1CC5190070162F /* AppDelegate.m in Sources */ = {isa = PBXBuildFile; fileRef = 0A69956D1D1CC5190070162F /* AppDelegate.m */; };
		0A6995761D1CC51A0070162F /* Assets.xcassets in Resources */ = {isa = PBXBuildFile; fileRef = 0A6995751D1CC51A0070162F /* Assets.xcassets */; };
		0A6995791D1CC51A0070162F /* LaunchScreen.storyboard in Resources */ = {isa = PBXBuildFile; fileRef = 0A6995771D1CC51A0070162F /* LaunchScreen.storyboard */; };
		0A6995831D1CD1510070162F /* HomeController.m in Sources */ = {isa = PBXBuildFile; fileRef = 0A6995821D1CD1510070162F /* HomeController.m */; };
		0A6995861D1CD49A0070162F /* GalleryController.m in Sources */ = {isa = PBXBuildFile; fileRef = 0A6995851D1CD49A0070162F /* GalleryController.m */; };
		0A6995891D1CD4A50070162F /* LikesController.m in Sources */ = {isa = PBXBuildFile; fileRef = 0A6995881D1CD4A50070162F /* LikesController.m */; };
		0A69958D1D1CE11E0070162F /* CollectionCell.m in Sources */ = {isa = PBXBuildFile; fileRef = 0A69958C1D1CE11E0070162F /* CollectionCell.m */; };
		0A6995911D1D5A9D0070162F /* DataManager.m in Sources */ = {isa = PBXBuildFile; fileRef = 0A6995901D1D5A9D0070162F /* DataManager.m */; };
		0A6995941D1D87700070162F /* CollectionController.m in Sources */ = {isa = PBXBuildFile; fileRef = 0A6995931D1D87700070162F /* CollectionController.m */; };
		583BFC5C17739CA1BAF5E2D3 /* libPods-Random.a in Frameworks */ = {isa = PBXBuildFile; fileRef = 7F0A1E26712BFBADB49D83DD /* libPods-Random.a */; };
/* End PBXBuildFile section */

/* Begin PBXFileReference section */
		0A6995661D1CC5190070162F /* Random.app */ = {isa = PBXFileReference; explicitFileType = wrapper.application; includeInIndex = 0; path = Random.app; sourceTree = BUILT_PRODUCTS_DIR; };
		0A69956A1D1CC5190070162F /* main.m */ = {isa = PBXFileReference; lastKnownFileType = sourcecode.c.objc; path = main.m; sourceTree = "<group>"; };
		0A69956C1D1CC5190070162F /* AppDelegate.h */ = {isa = PBXFileReference; lastKnownFileType = sourcecode.c.h; path = AppDelegate.h; sourceTree = "<group>"; };
		0A69956D1D1CC5190070162F /* AppDelegate.m */ = {isa = PBXFileReference; lastKnownFileType = sourcecode.c.objc; path = AppDelegate.m; sourceTree = "<group>"; };
		0A6995751D1CC51A0070162F /* Assets.xcassets */ = {isa = PBXFileReference; lastKnownFileType = folder.assetcatalog; path = Assets.xcassets; sourceTree = "<group>"; };
		0A6995781D1CC51A0070162F /* Base */ = {isa = PBXFileReference; lastKnownFileType = file.storyboard; name = Base; path = Base.lproj/LaunchScreen.storyboard; sourceTree = "<group>"; };
		0A69957A1D1CC51A0070162F /* Info.plist */ = {isa = PBXFileReference; lastKnownFileType = text.plist.xml; path = Info.plist; sourceTree = "<group>"; };
		0A6995811D1CD1510070162F /* HomeController.h */ = {isa = PBXFileReference; fileEncoding = 4; lastKnownFileType = sourcecode.c.h; path = HomeController.h; sourceTree = "<group>"; };
		0A6995821D1CD1510070162F /* HomeController.m */ = {isa = PBXFileReference; fileEncoding = 4; lastKnownFileType = sourcecode.c.objc; path = HomeController.m; sourceTree = "<group>"; };
		0A6995841D1CD49A0070162F /* GalleryController.h */ = {isa = PBXFileReference; fileEncoding = 4; lastKnownFileType = sourcecode.c.h; path = GalleryController.h; sourceTree = "<group>"; };
		0A6995851D1CD49A0070162F /* GalleryController.m */ = {isa = PBXFileReference; fileEncoding = 4; lastKnownFileType = sourcecode.c.objc; path = GalleryController.m; sourceTree = "<group>"; };
		0A6995871D1CD4A50070162F /* LikesController.h */ = {isa = PBXFileReference; fileEncoding = 4; lastKnownFileType = sourcecode.c.h; path = LikesController.h; sourceTree = "<group>"; };
		0A6995881D1CD4A50070162F /* LikesController.m */ = {isa = PBXFileReference; fileEncoding = 4; lastKnownFileType = sourcecode.c.objc; path = LikesController.m; sourceTree = "<group>"; };
		0A69958B1D1CE11E0070162F /* CollectionCell.h */ = {isa = PBXFileReference; fileEncoding = 4; lastKnownFileType = sourcecode.c.h; path = CollectionCell.h; sourceTree = "<group>"; };
		0A69958C1D1CE11E0070162F /* CollectionCell.m */ = {isa = PBXFileReference; fileEncoding = 4; lastKnownFileType = sourcecode.c.objc; path = CollectionCell.m; sourceTree = "<group>"; };
		0A69958F1D1D5A9D0070162F /* DataManager.h */ = {isa = PBXFileReference; fileEncoding = 4; lastKnownFileType = sourcecode.c.h; path = DataManager.h; sourceTree = "<group>"; };
		0A6995901D1D5A9D0070162F /* DataManager.m */ = {isa = PBXFileReference; fileEncoding = 4; lastKnownFileType = sourcecode.c.objc; path = DataManager.m; sourceTree = "<group>"; };
		0A6995921D1D87700070162F /* CollectionController.h */ = {isa = PBXFileReference; fileEncoding = 4; lastKnownFileType = sourcecode.c.h; path = CollectionController.h; sourceTree = "<group>"; };
		0A6995931D1D87700070162F /* CollectionController.m */ = {isa = PBXFileReference; fileEncoding = 4; lastKnownFileType = sourcecode.c.objc; path = CollectionController.m; sourceTree = "<group>"; };
		7F0A1E26712BFBADB49D83DD /* libPods-Random.a */ = {isa = PBXFileReference; explicitFileType = archive.ar; includeInIndex = 0; path = "libPods-Random.a"; sourceTree = BUILT_PRODUCTS_DIR; };
		A5308E61B5F776CDA09A5241 /* Pods-Random.release.xcconfig */ = {isa = PBXFileReference; includeInIndex = 1; lastKnownFileType = text.xcconfig; name = "Pods-Random.release.xcconfig"; path = "Pods/Target Support Files/Pods-Random/Pods-Random.release.xcconfig"; sourceTree = "<group>"; };
		ADBE4358B304408D7BA27E31 /* Pods-Random.debug.xcconfig */ = {isa = PBXFileReference; includeInIndex = 1; lastKnownFileType = text.xcconfig; name = "Pods-Random.debug.xcconfig"; path = "Pods/Target Support Files/Pods-Random/Pods-Random.debug.xcconfig"; sourceTree = "<group>"; };
/* End PBXFileReference section */

/* Begin PBXFrameworksBuildPhase section */
		0A6995631D1CC5190070162F /* Frameworks */ = {
			isa = PBXFrameworksBuildPhase;
			buildActionMask = 2147483647;
			files = (
				583BFC5C17739CA1BAF5E2D3 /* libPods-Random.a in Frameworks */,
			);
			runOnlyForDeploymentPostprocessing = 0;
		};
/* End PBXFrameworksBuildPhase section */

/* Begin PBXGroup section */
		0A69955D1D1CC5190070162F = {
			isa = PBXGroup;
			children = (
				0A6995681D1CC5190070162F /* Random */,
				0A6995671D1CC5190070162F /* Products */,
				F1FFB241CF08089A44E37421 /* Pods */,
				5BA8C6DD4B1606A17DEC2BA2 /* Frameworks */,
			);
			sourceTree = "<group>";
		};
		0A6995671D1CC5190070162F /* Products */ = {
			isa = PBXGroup;
			children = (
				0A6995661D1CC5190070162F /* Random.app */,
			);
			name = Products;
			sourceTree = "<group>";
		};
		0A6995681D1CC5190070162F /* Random */ = {
			isa = PBXGroup;
			children = (
				0A69958E1D1CEA390070162F /* Singletons */,
				0A69958A1D1CD9C40070162F /* Views */,
				0A6995801D1CD13E0070162F /* Controllers */,
				0A6995751D1CC51A0070162F /* Assets.xcassets */,
				0A6995771D1CC51A0070162F /* LaunchScreen.storyboard */,
				0A69957A1D1CC51A0070162F /* Info.plist */,
				0A6995691D1CC5190070162F /* Supporting Files */,
			);
			path = Random;
			sourceTree = "<group>";
		};
		0A6995691D1CC5190070162F /* Supporting Files */ = {
			isa = PBXGroup;
			children = (
				0A69956A1D1CC5190070162F /* main.m */,
			);
			name = "Supporting Files";
			sourceTree = "<group>";
		};
		0A6995801D1CD13E0070162F /* Controllers */ = {
			isa = PBXGroup;
			children = (
				0A6995811D1CD1510070162F /* HomeController.h */,
				0A6995821D1CD1510070162F /* HomeController.m */,
				0A6995841D1CD49A0070162F /* GalleryController.h */,
				0A6995851D1CD49A0070162F /* GalleryController.m */,
				0A6995871D1CD4A50070162F /* LikesController.h */,
				0A6995881D1CD4A50070162F /* LikesController.m */,
				0A6995921D1D87700070162F /* CollectionController.h */,
				0A6995931D1D87700070162F /* CollectionController.m */,
			);
			name = Controllers;
			sourceTree = "<group>";
		};
		0A69958A1D1CD9C40070162F /* Views */ = {
			isa = PBXGroup;
			children = (
				0A69958B1D1CE11E0070162F /* CollectionCell.h */,
				0A69958C1D1CE11E0070162F /* CollectionCell.m */,
			);
			name = Views;
			sourceTree = "<group>";
		};
		0A69958E1D1CEA390070162F /* Singletons */ = {
			isa = PBXGroup;
			children = (
				0A69956C1D1CC5190070162F /* AppDelegate.h */,
				0A69956D1D1CC5190070162F /* AppDelegate.m */,
				0A69958F1D1D5A9D0070162F /* DataManager.h */,
				0A6995901D1D5A9D0070162F /* DataManager.m */,
			);
			name = Singletons;
			sourceTree = "<group>";
		};
		5BA8C6DD4B1606A17DEC2BA2 /* Frameworks */ = {
			isa = PBXGroup;
			children = (
				7F0A1E26712BFBADB49D83DD /* libPods-Random.a */,
			);
			name = Frameworks;
			sourceTree = "<group>";
		};
		F1FFB241CF08089A44E37421 /* Pods */ = {
			isa = PBXGroup;
			children = (
				ADBE4358B304408D7BA27E31 /* Pods-Random.debug.xcconfig */,
				A5308E61B5F776CDA09A5241 /* Pods-Random.release.xcconfig */,
			);
			name = Pods;
			sourceTree = "<group>";
		};
/* End PBXGroup section */

/* Begin PBXNativeTarget section */
		0A6995651D1CC5190070162F /* Random */ = {
			isa = PBXNativeTarget;
			buildConfigurationList = 0A69957D1D1CC51A0070162F /* Build configuration list for PBXNativeTarget "Random" */;
			buildPhases = (
				F5B7B5F8654F311ABF6A16AF /* [CP] Check Pods Manifest.lock */,
				0A6995621D1CC5190070162F /* Sources */,
				0A6995631D1CC5190070162F /* Frameworks */,
				0A6995641D1CC5190070162F /* Resources */,
				F1D3A49C3406E159B55A54BF /* [CP] Embed Pods Frameworks */,
				63FBF9A96115DF903399A3BF /* [CP] Copy Pods Resources */,
			);
			buildRules = (
			);
			dependencies = (
			);
			name = Random;
			productName = Random;
			productReference = 0A6995661D1CC5190070162F /* Random.app */;
			productType = "com.apple.product-type.application";
		};
/* End PBXNativeTarget section */

/* Begin PBXProject section */
		0A69955E1D1CC5190070162F /* Project object */ = {
			isa = PBXProject;
			attributes = {
				LastUpgradeCheck = 0730;
				ORGANIZATIONNAME = Xiomara;
				TargetAttributes = {
					0A6995651D1CC5190070162F = {
						CreatedOnToolsVersion = 7.3.1;
					};
				};
			};
			buildConfigurationList = 0A6995611D1CC5190070162F /* Build configuration list for PBXProject "Random" */;
			compatibilityVersion = "Xcode 3.2";
			developmentRegion = English;
			hasScannedForEncodings = 0;
			knownRegions = (
				en,
				Base,
			);
			mainGroup = 0A69955D1D1CC5190070162F;
			productRefGroup = 0A6995671D1CC5190070162F /* Products */;
			projectDirPath = "";
			projectRoot = "";
			targets = (
				0A6995651D1CC5190070162F /* Random */,
			);
		};
/* End PBXProject section */

/* Begin PBXResourcesBuildPhase section */
		0A6995641D1CC5190070162F /* Resources */ = {
			isa = PBXResourcesBuildPhase;
			buildActionMask = 2147483647;
			files = (
				0A6995791D1CC51A0070162F /* LaunchScreen.storyboard in Resources */,
				0A6995761D1CC51A0070162F /* Assets.xcassets in Resources */,
			);
			runOnlyForDeploymentPostprocessing = 0;
		};
/* End PBXResourcesBuildPhase section */

/* Begin PBXShellScriptBuildPhase section */
		63FBF9A96115DF903399A3BF /* [CP] Copy Pods Resources */ = {
			isa = PBXShellScriptBuildPhase;
			buildActionMask = 2147483647;
			files = (
			);
			inputPaths = (
			);
			name = "[CP] Copy Pods Resources";
			outputPaths = (
			);
			runOnlyForDeploymentPostprocessing = 0;
			shellPath = /bin/sh;
			shellScript = "\"${SRCROOT}/Pods/Target Support Files/Pods-Random/Pods-Random-resources.sh\"\n";
			showEnvVarsInLog = 0;
		};
		F1D3A49C3406E159B55A54BF /* [CP] Embed Pods Frameworks */ = {
			isa = PBXShellScriptBuildPhase;
			buildActionMask = 2147483647;
			files = (
			);
			inputPaths = (
			);
			name = "[CP] Embed Pods Frameworks";
			outputPaths = (
			);
			runOnlyForDeploymentPostprocessing = 0;
			shellPath = /bin/sh;
			shellScript = "\"${SRCROOT}/Pods/Target Support Files/Pods-Random/Pods-Random-frameworks.sh\"\n";
			showEnvVarsInLog = 0;
		};
		F5B7B5F8654F311ABF6A16AF /* [CP] Check Pods Manifest.lock */ = {
			isa = PBXShellScriptBuildPhase;
			buildActionMask = 2147483647;
			files = (
			);
			inputPaths = (
			);
			name = "[CP] Check Pods Manifest.lock";
			outputPaths = (
			);
			runOnlyForDeploymentPostprocessing = 0;
			shellPath = /bin/sh;
			shellScript = "diff \"${PODS_ROOT}/../Podfile.lock\" \"${PODS_ROOT}/Manifest.lock\" > /dev/null\nif [[ $? != 0 ]] ; then\n    cat << EOM\nerror: The sandbox is not in sync with the Podfile.lock. Run 'pod install' or update your CocoaPods installation.\nEOM\n    exit 1\nfi\n";
			showEnvVarsInLog = 0;
		};
/* End PBXShellScriptBuildPhase section */

/* Begin PBXSourcesBuildPhase section */
		0A6995621D1CC5190070162F /* Sources */ = {
			isa = PBXSourcesBuildPhase;
			buildActionMask = 2147483647;
			files = (
				0A69956E1D1CC5190070162F /* AppDelegate.m in Sources */,
				0A6995941D1D87700070162F /* CollectionController.m in Sources */,
				0A6995891D1CD4A50070162F /* LikesController.m in Sources */,
				0A6995911D1D5A9D0070162F /* DataManager.m in Sources */,
				0A6995831D1CD1510070162F /* HomeController.m in Sources */,
				0A69958D1D1CE11E0070162F /* CollectionCell.m in Sources */,
				0A6995861D1CD49A0070162F /* GalleryController.m in Sources */,
				0A69956B1D1CC5190070162F /* main.m in Sources */,
			);
			runOnlyForDeploymentPostprocessing = 0;
		};
/* End PBXSourcesBuildPhase section */

/* Begin PBXVariantGroup section */
		0A6995771D1CC51A0070162F /* LaunchScreen.storyboard */ = {
			isa = PBXVariantGroup;
			children = (
				0A6995781D1CC51A0070162F /* Base */,
			);
			name = LaunchScreen.storyboard;
			sourceTree = "<group>";
		};
/* End PBXVariantGroup section */

/* Begin XCBuildConfiguration section */
		0A69957B1D1CC51A0070162F /* Debug */ = {
			isa = XCBuildConfiguration;
			buildSettings = {
				ALWAYS_SEARCH_USER_PATHS = NO;
				CLANG_ANALYZER_NONNULL = YES;
				CLANG_CXX_LANGUAGE_STANDARD = "gnu++0x";
				CLANG_CXX_LIBRARY = "libc++";
				CLANG_ENABLE_MODULES = YES;
				CLANG_ENABLE_OBJC_ARC = YES;
				CLANG_WARN_BOOL_CONVERSION = YES;
				CLANG_WARN_CONSTANT_CONVERSION = YES;
				CLANG_WARN_DIRECT_OBJC_ISA_USAGE = YES_ERROR;
				CLANG_WARN_EMPTY_BODY = YES;
				CLANG_WARN_ENUM_CONVERSION = YES;
				CLANG_WARN_INT_CONVERSION = YES;
				CLANG_WARN_OBJC_ROOT_CLASS = YES_ERROR;
				CLANG_WARN_UNREACHABLE_CODE = YES;
				CLANG_WARN__DUPLICATE_METHOD_MATCH = YES;
				"CODE_SIGN_IDENTITY[sdk=iphoneos*]" = "iPhone Developer";
				COPY_PHASE_STRIP = NO;
				DEBUG_INFORMATION_FORMAT = dwarf;
				ENABLE_STRICT_OBJC_MSGSEND = YES;
				ENABLE_TESTABILITY = YES;
				GCC_C_LANGUAGE_STANDARD = gnu99;
				GCC_DYNAMIC_NO_PIC = NO;
				GCC_NO_COMMON_BLOCKS = YES;
				GCC_OPTIMIZATION_LEVEL = 0;
				GCC_PREPROCESSOR_DEFINITIONS = (
					"DEBUG=1",
					"$(inherited)",
				);
				GCC_WARN_64_TO_32_BIT_CONVERSION = YES;
				GCC_WARN_ABOUT_RETURN_TYPE = YES_ERROR;
				GCC_WARN_UNDECLARED_SELECTOR = YES;
				GCC_WARN_UNINITIALIZED_AUTOS = YES_AGGRESSIVE;
				GCC_WARN_UNUSED_FUNCTION = YES;
				GCC_WARN_UNUSED_VARIABLE = YES;
				IPHONEOS_DEPLOYMENT_TARGET = 9.3;
				MTL_ENABLE_DEBUG_INFO = YES;
				ONLY_ACTIVE_ARCH = YES;
				SDKROOT = iphoneos;
			};
			name = Debug;
		};
		0A69957C1D1CC51A0070162F /* Release */ = {
			isa = XCBuildConfiguration;
			buildSettings = {
				ALWAYS_SEARCH_USER_PATHS = NO;
				CLANG_ANALYZER_NONNULL = YES;
				CLANG_CXX_LANGUAGE_STANDARD = "gnu++0x";
				CLANG_CXX_LIBRARY = "libc++";
				CLANG_ENABLE_MODULES = YES;
				CLANG_ENABLE_OBJC_ARC = YES;
				CLANG_WARN_BOOL_CONVERSION = YES;
				CLANG_WARN_CONSTANT_CONVERSION = YES;
				CLANG_WARN_DIRECT_OBJC_ISA_USAGE = YES_ERROR;
				CLANG_WARN_EMPTY_BODY = YES;
				CLANG_WARN_ENUM_CONVERSION = YES;
				CLANG_WARN_INT_CONVERSION = YES;
				CLANG_WARN_OBJC_ROOT_CLASS = YES_ERROR;
				CLANG_WARN_UNREACHABLE_CODE = YES;
				CLANG_WARN__DUPLICATE_METHOD_MATCH = YES;
				"CODE_SIGN_IDENTITY[sdk=iphoneos*]" = "iPhone Developer";
				COPY_PHASE_STRIP = NO;
				DEBUG_INFORMATION_FORMAT = "dwarf-with-dsym";
				ENABLE_NS_ASSERTIONS = NO;
				ENABLE_STRICT_OBJC_MSGSEND = YES;
				GCC_C_LANGUAGE_STANDARD = gnu99;
				GCC_NO_COMMON_BLOCKS = YES;
				GCC_WARN_64_TO_32_BIT_CONVERSION = YES;
				GCC_WARN_ABOUT_RETURN_TYPE = YES_ERROR;
				GCC_WARN_UNDECLARED_SELECTOR = YES;
				GCC_WARN_UNINITIALIZED_AUTOS = YES_AGGRESSIVE;
				GCC_WARN_UNUSED_FUNCTION = YES;
				GCC_WARN_UNUSED_VARIABLE = YES;
				IPHONEOS_DEPLOYMENT_TARGET = 9.3;
				MTL_ENABLE_DEBUG_INFO = NO;
				SDKROOT = iphoneos;
				VALIDATE_PRODUCT = YES;
			};
			name = Release;
		};
		0A69957E1D1CC51A0070162F /* Debug */ = {
			isa = XCBuildConfiguration;
			baseConfigurationReference = ADBE4358B304408D7BA27E31 /* Pods-Random.debug.xcconfig */;
			buildSettings = {
				ASSETCATALOG_COMPILER_APPICON_NAME = AppIcon;
				INFOPLIST_FILE = Random/Info.plist;
				IPHONEOS_DEPLOYMENT_TARGET = 9.0;
				LD_RUNPATH_SEARCH_PATHS = "$(inherited) @executable_path/Frameworks";
				PRODUCT_BUNDLE_IDENTIFIER = Xiomara.Random;
				PRODUCT_NAME = "$(TARGET_NAME)";
			};
			name = Debug;
		};
		0A69957F1D1CC51A0070162F /* Release */ = {
			isa = XCBuildConfiguration;
			baseConfigurationReference = A5308E61B5F776CDA09A5241 /* Pods-Random.release.xcconfig */;
			buildSettings = {
				ASSETCATALOG_COMPILER_APPICON_NAME = AppIcon;
				INFOPLIST_FILE = Random/Info.plist;
				IPHONEOS_DEPLOYMENT_TARGET = 9.0;
				LD_RUNPATH_SEARCH_PATHS = "$(inherited) @executable_path/Frameworks";
				PRODUCT_BUNDLE_IDENTIFIER = Xiomara.Random;
				PRODUCT_NAME = "$(TARGET_NAME)";
			};
			name = Release;
		};
/* End XCBuildConfiguration section */

/* Begin XCConfigurationList section */
		0A6995611D1CC5190070162F /* Build configuration list for PBXProject "Random" */ = {
			isa = XCConfigurationList;
			buildConfigurations = (
				0A69957B1D1CC51A0070162F /* Debug */,
				0A69957C1D1CC51A0070162F /* Release */,
			);
			defaultConfigurationIsVisible = 0;
			defaultConfigurationName = Release;
		};
		0A69957D1D1CC51A0070162F /* Build configuration list for PBXNativeTarget "Random" */ = {
			isa = XCConfigurationList;
			buildConfigurations = (
				0A69957E1D1CC51A0070162F /* Debug */,
				0A69957F1D1CC51A0070162F /* Release */,
			);
			defaultConfigurationIsVisible = 0;
			defaultConfigurationName = Release;
		};
/* End XCConfigurationList section */
	};
	rootObject = 0A69955E1D1CC5190070162F /* Project object */;
}
